
Microsoft Visual Studio Solution File, Format Version 12.00
# Visual Studio Version 16
VisualStudioVersion = 16.0.31729.503
MinimumVisualStudioVersion = 10.0.40219.1
Project("{2150E333-8FDC-42A3-9474-1A3956D46DE8}") = "CMakePredefinedTargets", "CMakePredefinedTargets", "{2DA85C8B-5DC0-38BC-BFB1-E3EF474E873A}"
EndProject
Project("{2150E333-8FDC-42A3-9474-1A3956D46DE8}") = "Libigl", "Libigl", "{3248F459-937E-3F5C-89CB-E099E9F4D3DA}"
EndProject
Project("{2150E333-8FDC-42A3-9474-1A3956D46DE8}") = "ThirdParty", "ThirdParty", "{6CBF1BBF-1A08-3BED-B9E4-97B59721764B}"
EndProject
Project("{8BC9CEB8-8B4A-11D0-8D11-00A0C91BC942}") = "ALL_BUILD", "ALL_BUILD.vcxproj", "{F4CAA1E6-A6C9-3C2D-8992-68E054CE0207}"
	ProjectSection(ProjectDependencies) = postProject
		{1D25AFA9-731D-3D93-8CED-C0DB6260D96E} = {1D25AFA9-731D-3D93-8CED-C0DB6260D96E}
	EndProjectSection
EndProject
Project("{8BC9CEB8-8B4A-11D0-8D11-00A0C91BC942}") = "1001_IFCReader", "1001_IFCReader.vcxproj", "{17A1D072-E0B5-4BD3-9E3A-A7A1F8DDD15D}"
	ProjectSection(ProjectDependencies) = postProject
		{1D25AFA9-731D-3D93-8CED-C0DB6260D96E} = {1D25AFA9-731D-3D93-8CED-C0DB6260D96E}
		{11C6210A-F81E-37DE-82AF-D1A794C26F9A} = {11C6210A-F81E-37DE-82AF-D1A794C26F9A}
		{BA4B367B-2713-34A5-824C-421993F22454} = {BA4B367B-2713-34A5-824C-421993F22454}
		{DD869C22-6B0F-39A9-80AF-2C991EB0F821} = {DD869C22-6B0F-39A9-80AF-2C991EB0F821}
		{68D681CA-2530-3BFB-940E-89E22F123034} = {68D681CA-2530-3BFB-940E-89E22F123034}
		{167FFAE4-AC1C-3475-B8F3-7167FE56A368} = {167FFAE4-AC1C-3475-B8F3-7167FE56A368}
	EndProjectSection
EndProject
Project("{8BC9CEB8-8B4A-11D0-8D11-00A0C91BC942}") = "INSTALL", "INSTALL.vcxproj", "{F1868639-A838-377F-BC67-3FDF3E2C22E8}"
	ProjectSection(ProjectDependencies) = postProject
		{F4CAA1E6-A6C9-3C2D-8992-68E054CE0207} = {F4CAA1E6-A6C9-3C2D-8992-68E054CE0207}
		{1D25AFA9-731D-3D93-8CED-C0DB6260D96E} = {1D25AFA9-731D-3D93-8CED-C0DB6260D96E}
	EndProjectSection
EndProject
Project("{8BC9CEB8-8B4A-11D0-8D11-00A0C91BC942}") = "PACKAGE", "PACKAGE.vcxproj", "{A03CDB60-51C3-30AC-B5D2-767D4011989A}"
	ProjectSection(ProjectDependencies) = postProject
		{F4CAA1E6-A6C9-3C2D-8992-68E054CE0207} = {F4CAA1E6-A6C9-3C2D-8992-68E054CE0207}
		{1D25AFA9-731D-3D93-8CED-C0DB6260D96E} = {1D25AFA9-731D-3D93-8CED-C0DB6260D96E}
	EndProjectSection
EndProject
Project("{8BC9CEB8-8B4A-11D0-8D11-00A0C91BC942}") = "RUN_TESTS", "RUN_TESTS.vcxproj", "{8D3AF356-CAED-3D3F-A8B5-8410D84935BD}"
	ProjectSection(ProjectDependencies) = postProject
		{1D25AFA9-731D-3D93-8CED-C0DB6260D96E} = {1D25AFA9-731D-3D93-8CED-C0DB6260D96E}
	EndProjectSection
EndProject
Project("{8BC9CEB8-8B4A-11D0-8D11-00A0C91BC942}") = "ZERO_CHECK", "..\..\ZERO_CHECK.vcxproj", "{1D25AFA9-731D-3D93-8CED-C0DB6260D96E}"
EndProject
Project("{8BC9CEB8-8B4A-11D0-8D11-00A0C91BC942}") = "glad", "..\..\glad\glad.vcxproj", "{11C6210A-F81E-37DE-82AF-D1A794C26F9A}"
	ProjectSection(ProjectDependencies) = postProject
		{1D25AFA9-731D-3D93-8CED-C0DB6260D96E} = {1D25AFA9-731D-3D93-8CED-C0DB6260D96E}
	EndProjectSection
EndProject
Project("{8BC9CEB8-8B4A-11D0-8D11-00A0C91BC942}") = "glfw", "..\..\glfw\src\glfw.vcxproj", "{BA4B367B-2713-34A5-824C-421993F22454}"
	ProjectSection(ProjectDependencies) = postProject
		{1D25AFA9-731D-3D93-8CED-C0DB6260D96E} = {1D25AFA9-731D-3D93-8CED-C0DB6260D96E}
	EndProjectSection
EndProject
Project("{8BC9CEB8-8B4A-11D0-8D11-00A0C91BC942}") = "igl", "..\..\igl.vcxproj", "{DD869C22-6B0F-39A9-80AF-2C991EB0F821}"
	ProjectSection(ProjectDependencies) = postProject
		{1D25AFA9-731D-3D93-8CED-C0DB6260D96E} = {1D25AFA9-731D-3D93-8CED-C0DB6260D96E}
	EndProjectSection
EndProject
Project("{8BC9CEB8-8B4A-11D0-8D11-00A0C91BC942}") = "igl_opengl", "..\..\igl_opengl.vcxproj", "{68D681CA-2530-3BFB-940E-89E22F123034}"
	ProjectSection(ProjectDependencies) = postProject
		{1D25AFA9-731D-3D93-8CED-C0DB6260D96E} = {1D25AFA9-731D-3D93-8CED-C0DB6260D96E}
		{11C6210A-F81E-37DE-82AF-D1A794C26F9A} = {11C6210A-F81E-37DE-82AF-D1A794C26F9A}
		{DD869C22-6B0F-39A9-80AF-2C991EB0F821} = {DD869C22-6B0F-39A9-80AF-2C991EB0F821}
	EndProjectSection
EndProject
Project("{8BC9CEB8-8B4A-11D0-8D11-00A0C91BC942}") = "igl_opengl_glfw", "..\..\igl_opengl_glfw.vcxproj", "{167FFAE4-AC1C-3475-B8F3-7167FE56A368}"
	ProjectSection(ProjectDependencies) = postProject
		{1D25AFA9-731D-3D93-8CED-C0DB6260D96E} = {1D25AFA9-731D-3D93-8CED-C0DB6260D96E}
		{11C6210A-F81E-37DE-82AF-D1A794C26F9A} = {11C6210A-F81E-37DE-82AF-D1A794C26F9A}
		{BA4B367B-2713-34A5-824C-421993F22454} = {BA4B367B-2713-34A5-824C-421993F22454}
		{DD869C22-6B0F-39A9-80AF-2C991EB0F821} = {DD869C22-6B0F-39A9-80AF-2C991EB0F821}
		{68D681CA-2530-3BFB-940E-89E22F123034} = {68D681CA-2530-3BFB-940E-89E22F123034}
	EndProjectSection
EndProject
Global
	GlobalSection(SolutionConfigurationPlatforms) = preSolution
		Debug|x64 = Debug|x64
		Release|x64 = Release|x64
		RelWithDebInfo|x64 = RelWithDebInfo|x64
	EndGlobalSection
	GlobalSection(ProjectConfigurationPlatforms) = postSolution
		{F4CAA1E6-A6C9-3C2D-8992-68E054CE0207}.Debug|x64.ActiveCfg = Debug|x64
		{F4CAA1E6-A6C9-3C2D-8992-68E054CE0207}.Debug|x64.Build.0 = Debug|x64
		{F4CAA1E6-A6C9-3C2D-8992-68E054CE0207}.Release|x64.ActiveCfg = Release|x64
		{F4CAA1E6-A6C9-3C2D-8992-68E054CE0207}.Release|x64.Build.0 = Release|x64
		{F4CAA1E6-A6C9-3C2D-8992-68E054CE0207}.RelWithDebInfo|x64.ActiveCfg = RelWithDebInfo|x64
		{F4CAA1E6-A6C9-3C2D-8992-68E054CE0207}.RelWithDebInfo|x64.Build.0 = RelWithDebInfo|x64
		{17A1D072-E0B5-4BD3-9E3A-A7A1F8DDD15D}.Debug|x64.ActiveCfg = Debug|x64
		{17A1D072-E0B5-4BD3-9E3A-A7A1F8DDD15D}.Debug|x64.Build.0 = Debug|x64
		{17A1D072-E0B5-4BD3-9E3A-A7A1F8DDD15D}.Release|x64.ActiveCfg = Release|x64
		{17A1D072-E0B5-4BD3-9E3A-A7A1F8DDD15D}.Release|x64.Build.0 = Release|x64
		{17A1D072-E0B5-4BD3-9E3A-A7A1F8DDD15D}.RelWithDebInfo|x64.ActiveCfg = RelWithDebInfo|x64
		{17A1D072-E0B5-4BD3-9E3A-A7A1F8DDD15D}.RelWithDebInfo|x64.Build.0 = RelWithDebInfo|x64
		{F1868639-A838-377F-BC67-3FDF3E2C22E8}.Debug|x64.ActiveCfg = Debug|x64
		{F1868639-A838-377F-BC67-3FDF3E2C22E8}.Release|x64.ActiveCfg = Release|x64
		{F1868639-A838-377F-BC67-3FDF3E2C22E8}.RelWithDebInfo|x64.ActiveCfg = RelWithDebInfo|x64
		{A03CDB60-51C3-30AC-B5D2-767D4011989A}.Debug|x64.ActiveCfg = Debug|x64
		{A03CDB60-51C3-30AC-B5D2-767D4011989A}.Release|x64.ActiveCfg = Release|x64
		{A03CDB60-51C3-30AC-B5D2-767D4011989A}.RelWithDebInfo|x64.ActiveCfg = RelWithDebInfo|x64
		{8D3AF356-CAED-3D3F-A8B5-8410D84935BD}.Debug|x64.ActiveCfg = Debug|x64
		{8D3AF356-CAED-3D3F-A8B5-8410D84935BD}.Release|x64.ActiveCfg = Release|x64
		{8D3AF356-CAED-3D3F-A8B5-8410D84935BD}.RelWithDebInfo|x64.ActiveCfg = RelWithDebInfo|x64
		{1D25AFA9-731D-3D93-8CED-C0DB6260D96E}.Debug|x64.ActiveCfg = Debug|x64
		{1D25AFA9-731D-3D93-8CED-C0DB6260D96E}.Debug|x64.Build.0 = Debug|x64
		{1D25AFA9-731D-3D93-8CED-C0DB6260D96E}.Release|x64.ActiveCfg = Release|x64
		{1D25AFA9-731D-3D93-8CED-C0DB6260D96E}.Release|x64.Build.0 = Release|x64
		{1D25AFA9-731D-3D93-8CED-C0DB6260D96E}.RelWithDebInfo|x64.ActiveCfg = RelWithDebInfo|x64
		{1D25AFA9-731D-3D93-8CED-C0DB6260D96E}.RelWithDebInfo|x64.Build.0 = RelWithDebInfo|x64
		{11C6210A-F81E-37DE-82AF-D1A794C26F9A}.Debug|x64.ActiveCfg = Debug|x64
		{11C6210A-F81E-37DE-82AF-D1A794C26F9A}.Debug|x64.Build.0 = Debug|x64
		{11C6210A-F81E-37DE-82AF-D1A794C26F9A}.Release|x64.ActiveCfg = Release|x64
		{11C6210A-F81E-37DE-82AF-D1A794C26F9A}.Release|x64.Build.0 = Release|x64
		{11C6210A-F81E-37DE-82AF-D1A794C26F9A}.RelWithDebInfo|x64.ActiveCfg = RelWithDebInfo|x64
		{11C6210A-F81E-37DE-82AF-D1A794C26F9A}.RelWithDebInfo|x64.Build.0 = RelWithDebInfo|x64
		{BA4B367B-2713-34A5-824C-421993F22454}.Debug|x64.ActiveCfg = Debug|x64
		{BA4B367B-2713-34A5-824C-421993F22454}.Debug|x64.Build.0 = Debug|x64
		{BA4B367B-2713-34A5-824C-421993F22454}.Release|x64.ActiveCfg = Release|x64
		{BA4B367B-2713-34A5-824C-421993F22454}.Release|x64.Build.0 = Release|x64
		{BA4B367B-2713-34A5-824C-421993F22454}.RelWithDebInfo|x64.ActiveCfg = RelWithDebInfo|x64
		{BA4B367B-2713-34A5-824C-421993F22454}.RelWithDebInfo|x64.Build.0 = RelWithDebInfo|x64
		{DD869C22-6B0F-39A9-80AF-2C991EB0F821}.Debug|x64.ActiveCfg = Debug|x64
		{DD869C22-6B0F-39A9-80AF-2C991EB0F821}.Debug|x64.Build.0 = Debug|x64
		{DD869C22-6B0F-39A9-80AF-2C991EB0F821}.Release|x64.ActiveCfg = Release|x64
		{DD869C22-6B0F-39A9-80AF-2C991EB0F821}.Release|x64.Build.0 = Release|x64
		{DD869C22-6B0F-39A9-80AF-2C991EB0F821}.RelWithDebInfo|x64.ActiveCfg = RelWithDebInfo|x64
		{DD869C22-6B0F-39A9-80AF-2C991EB0F821}.RelWithDebInfo|x64.Build.0 = RelWithDebInfo|x64
		{68D681CA-2530-3BFB-940E-89E22F123034}.Debug|x64.ActiveCfg = Debug|x64
		{68D681CA-2530-3BFB-940E-89E22F123034}.Debug|x64.Build.0 = Debug|x64
		{68D681CA-2530-3BFB-940E-89E22F123034}.Release|x64.ActiveCfg = Release|x64
		{68D681CA-2530-3BFB-940E-89E22F123034}.Release|x64.Build.0 = Release|x64
		{68D681CA-2530-3BFB-940E-89E22F123034}.RelWithDebInfo|x64.ActiveCfg = RelWithDebInfo|x64
		{68D681CA-2530-3BFB-940E-89E22F123034}.RelWithDebInfo|x64.Build.0 = RelWithDebInfo|x64
		{167FFAE4-AC1C-3475-B8F3-7167FE56A368}.Debug|x64.ActiveCfg = Debug|x64
		{167FFAE4-AC1C-3475-B8F3-7167FE56A368}.Debug|x64.Build.0 = Debug|x64
		{167FFAE4-AC1C-3475-B8F3-7167FE56A368}.Release|x64.ActiveCfg = Release|x64
		{167FFAE4-AC1C-3475-B8F3-7167FE56A368}.Release|x64.Build.0 = Release|x64
		{167FFAE4-AC1C-3475-B8F3-7167FE56A368}.RelWithDebInfo|x64.ActiveCfg = RelWithDebInfo|x64
		{167FFAE4-AC1C-3475-B8F3-7167FE56A368}.RelWithDebInfo|x64.Build.0 = RelWithDebInfo|x64
	EndGlobalSection
	GlobalSection(SolutionProperties) = preSolution
		HideSolutionNode = FALSE
	EndGlobalSection
	GlobalSection(NestedProjects) = preSolution
		{F4CAA1E6-A6C9-3C2D-8992-68E054CE0207} = {2DA85C8B-5DC0-38BC-BFB1-E3EF474E873A}
		{F1868639-A838-377F-BC67-3FDF3E2C22E8} = {2DA85C8B-5DC0-38BC-BFB1-E3EF474E873A}
		{A03CDB60-51C3-30AC-B5D2-767D4011989A} = {2DA85C8B-5DC0-38BC-BFB1-E3EF474E873A}
		{8D3AF356-CAED-3D3F-A8B5-8410D84935BD} = {2DA85C8B-5DC0-38BC-BFB1-E3EF474E873A}
		{1D25AFA9-731D-3D93-8CED-C0DB6260D96E} = {2DA85C8B-5DC0-38BC-BFB1-E3EF474E873A}
		{11C6210A-F81E-37DE-82AF-D1A794C26F9A} = {6CBF1BBF-1A08-3BED-B9E4-97B59721764B}
		{BA4B367B-2713-34A5-824C-421993F22454} = {6CBF1BBF-1A08-3BED-B9E4-97B59721764B}
		{DD869C22-6B0F-39A9-80AF-2C991EB0F821} = {3248F459-937E-3F5C-89CB-E099E9F4D3DA}
		{68D681CA-2530-3BFB-940E-89E22F123034} = {3248F459-937E-3F5C-89CB-E099E9F4D3DA}
		{167FFAE4-AC1C-3475-B8F3-7167FE56A368} = {3248F459-937E-3F5C-89CB-E099E9F4D3DA}
	EndGlobalSection
	GlobalSection(ExtensibilityGlobals) = postSolution
		SolutionGuid = {0143A431-814F-3DC9-82B5-39AC0EC576DA}
	EndGlobalSection
EndGlobal
